dependencies:
- name: che-postgres
  repository: file://./custom-charts/che-postgres/
  version: 1.0.0
- name: che-keycloak
  repository: file://./custom-charts/che-keycloak/
  version: 1.0.0
- name: che-jaeger
  repository: file://./custom-charts/che-jaeger
  version: 1.0.0
- name: prometheus
  repository: https://kubernetes-charts.storage.googleapis.com/
  version: 7.4.6
- name: grafana
  repository: https://kubernetes-charts.storage.googleapis.com/
  version: 1.26.1
digest: sha256:501373660f16b4efe90d210c69225103075b3d961ba8ea17a1eb6eb176b215d1
generated: "2019-07-02T15:15:50.110895+02:00"
