dependencies:
- name: elasticsearch
  repository: https://helm.elastic.co
  version: 7.2.1-0
- name: kibana
  repository: https://helm.elastic.co
  version: 7.2.1-0
- name: metricbeat
  repository: https://helm.elastic.co
  version: 7.2.1-0
- name: filebeat
  repository: https://helm.elastic.co
  version: 7.2.1-0
- name: fluent-bit
  repository: https://kubernetes-charts.storage.googleapis.com/
  version: 2.4.3
- name: elasticsearch-curator
  repository: https://kubernetes-charts.storage.googleapis.com/
  version: 1.5.0
digest: sha256:06facba47ff9891218e99c23cf269a28d2551657179deb663706261cfd2c221b
generated: "2019-07-25T13:12:08.33422+02:00"
